
Microsoft Visual Studio Solution File, Format Version 12.00
# Visual Studio Version 16
VisualStudioVersion = 16.0.810.19
MinimumVisualStudioVersion = 10.0.40219.1
Project("{FAE04EC0-301F-11D3-BF4B-00C04F79EFBC}") = "asp222", "asp222\asp222.csproj", "{593E59D0-7527-4052-807B-ACF26A553BEA}"
EndProject
Global
	GlobalSection(SolutionConfigurationPlatforms) = preSolution
		Debug|Any CPU = Debug|Any CPU
		Release|Any CPU = Release|Any CPU
	EndGlobalSection
	GlobalSection(ProjectConfigurationPlatforms) = postSolution
		{593E59D0-7527-4052-807B-ACF26A553BEA}.Debug|Any CPU.ActiveCfg = Debug|Any CPU
		{593E59D0-7527-4052-807B-ACF26A553BEA}.Debug|Any CPU.Build.0 = Debug|Any CPU
		{593E59D0-7527-4052-807B-ACF26A553BEA}.Release|Any CPU.ActiveCfg = Release|Any CPU
		{593E59D0-7527-4052-807B-ACF26A553BEA}.Release|Any CPU.Build.0 = Release|Any CPU
	EndGlobalSection
	GlobalSection(SolutionProperties) = preSolution
		HideSolutionNode = FALSE
	EndGlobalSection
	GlobalSection(ExtensibilityGlobals) = postSolution
		SolutionGuid = {4681EFF8-1B07-4D0A-A5B4-057D02886FC0}
	EndGlobalSection
EndGlobal
